// !$*UTF8*$!
{
	archiveVersion = 1;
	classes = {
	};
	objectVersion = 56;
	objects = {

/* Begin PBXBuildFile section */
		79D043312C632B390077F8A4 /* MemoTap Watch App.app in Embed Watch Content */ = {isa = PBXBuildFile; fileRef = 79D043302C632B390077F8A4 /* MemoTap Watch App.app */; settings = {ATTRIBUTES = (RemoveHeadersOnCopy, ); }; };
		79D043362C632B390077F8A4 /* MemoTapApp.swift in Sources */ = {isa = PBXBuildFile; fileRef = 79D043352C632B390077F8A4 /* MemoTapApp.swift */; };
		79D043382C632B390077F8A4 /* ContentView.swift in Sources */ = {isa = PBXBuildFile; fileRef = 79D043372C632B390077F8A4 /* ContentView.swift */; };
		79D0433A2C632B3B0077F8A4 /* Assets.xcassets in Resources */ = {isa = PBXBuildFile; fileRef = 79D043392C632B3B0077F8A4 /* Assets.xcassets */; };
		79D0433D2C632B3B0077F8A4 /* Preview Assets.xcassets in Resources */ = {isa = PBXBuildFile; fileRef = 79D0433C2C632B3B0077F8A4 /* Preview Assets.xcassets */; };
		79D043472C632B3B0077F8A4 /* MemoTap_Watch_AppTests.swift in Sources */ = {isa = PBXBuildFile; fileRef = 79D043462C632B3B0077F8A4 /* MemoTap_Watch_AppTests.swift */; };
		79D043512C632B3B0077F8A4 /* MemoTap_Watch_AppUITests.swift in Sources */ = {isa = PBXBuildFile; fileRef = 79D043502C632B3B0077F8A4 /* MemoTap_Watch_AppUITests.swift */; };
		79D043532C632B3B0077F8A4 /* MemoTap_Watch_AppUITestsLaunchTests.swift in Sources */ = {isa = PBXBuildFile; fileRef = 79D043522C632B3B0077F8A4 /* MemoTap_Watch_AppUITestsLaunchTests.swift */; };
/* End PBXBuildFile section */

/* Begin PBXContainerItemProxy section */
		79D043322C632B390077F8A4 /* PBXContainerItemProxy */ = {
			isa = PBXContainerItemProxy;
			containerPortal = 79D043242C632B390077F8A4 /* Project object */;
			proxyType = 1;
			remoteGlobalIDString = 79D0432F2C632B390077F8A4;
			remoteInfo = "MemoTap Watch App";
		};
		79D043432C632B3B0077F8A4 /* PBXContainerItemProxy */ = {
			isa = PBXContainerItemProxy;
			containerPortal = 79D043242C632B390077F8A4 /* Project object */;
			proxyType = 1;
			remoteGlobalIDString = 79D0432F2C632B390077F8A4;
			remoteInfo = "MemoTap Watch App";
		};
		79D0434D2C632B3B0077F8A4 /* PBXContainerItemProxy */ = {
			isa = PBXContainerItemProxy;
			containerPortal = 79D043242C632B390077F8A4 /* Project object */;
			proxyType = 1;
			remoteGlobalIDString = 79D0432F2C632B390077F8A4;
			remoteInfo = "MemoTap Watch App";
		};
/* End PBXContainerItemProxy section */

/* Begin PBXCopyFilesBuildPhase section */
		79D043592C632B3B0077F8A4 /* Embed Watch Content */ = {
			isa = PBXCopyFilesBuildPhase;
			buildActionMask = 2147483647;
			dstPath = "$(CONTENTS_FOLDER_PATH)/Watch";
			dstSubfolderSpec = 16;
			files = (
				79D043312C632B390077F8A4 /* MemoTap Watch App.app in Embed Watch Content */,
			);
			name = "Embed Watch Content";
			runOnlyForDeploymentPostprocessing = 0;
		};
/* End PBXCopyFilesBuildPhase section */

/* Begin PBXFileReference section */
		79D0432A2C632B390077F8A4 /* MemoTap.app */ = {isa = PBXFileReference; explicitFileType = wrapper.application; includeInIndex = 0; path = MemoTap.app; sourceTree = BUILT_PRODUCTS_DIR; };
		79D043302C632B390077F8A4 /* MemoTap Watch App.app */ = {isa = PBXFileReference; explicitFileType = wrapper.application; includeInIndex = 0; path = "MemoTap Watch App.app"; sourceTree = BUILT_PRODUCTS_DIR; };
		79D043352C632B390077F8A4 /* MemoTapApp.swift */ = {isa = PBXFileReference; lastKnownFileType = sourcecode.swift; path = MemoTapApp.swift; sourceTree = "<group>"; };
		79D043372C632B390077F8A4 /* ContentView.swift */ = {isa = PBXFileReference; lastKnownFileType = sourcecode.swift; path = ContentView.swift; sourceTree = "<group>"; };
		79D043392C632B3B0077F8A4 /* Assets.xcassets */ = {isa = PBXFileReference; lastKnownFileType = folder.assetcatalog; path = Assets.xcassets; sourceTree = "<group>"; };
		79D0433C2C632B3B0077F8A4 /* Preview Assets.xcassets */ = {isa = PBXFileReference; lastKnownFileType = folder.assetcatalog; path = "Preview Assets.xcassets"; sourceTree = "<group>"; };
		79D043422C632B3B0077F8A4 /* MemoTap Watch AppTests.xctest */ = {isa = PBXFileReference; explicitFileType = wrapper.cfbundle; includeInIndex = 0; path = "MemoTap Watch AppTests.xctest"; sourceTree = BUILT_PRODUCTS_DIR; };
		79D043462C632B3B0077F8A4 /* MemoTap_Watch_AppTests.swift */ = {isa = PBXFileReference; lastKnownFileType = sourcecode.swift; path = MemoTap_Watch_AppTests.swift; sourceTree = "<group>"; };
		79D0434C2C632B3B0077F8A4 /* MemoTap Watch AppUITests.xctest */ = {isa = PBXFileReference; explicitFileType = wrapper.cfbundle; includeInIndex = 0; path = "MemoTap Watch AppUITests.xctest"; sourceTree = BUILT_PRODUCTS_DIR; };
		79D043502C632B3B0077F8A4 /* MemoTap_Watch_AppUITests.swift */ = {isa = PBXFileReference; lastKnownFileType = sourcecode.swift; path = MemoTap_Watch_AppUITests.swift; sourceTree = "<group>"; };
		79D043522C632B3B0077F8A4 /* MemoTap_Watch_AppUITestsLaunchTests.swift */ = {isa = PBXFileReference; lastKnownFileType = sourcecode.swift; path = MemoTap_Watch_AppUITestsLaunchTests.swift; sourceTree = "<group>"; };
/* End PBXFileReference section */

/* Begin PBXFrameworksBuildPhase section */
		79D0432D2C632B390077F8A4 /* Frameworks */ = {
			isa = PBXFrameworksBuildPhase;
			buildActionMask = 2147483647;
			files = (
			);
			runOnlyForDeploymentPostprocessing = 0;
		};
		79D0433F2C632B3B0077F8A4 /* Frameworks */ = {
			isa = PBXFrameworksBuildPhase;
			buildActionMask = 2147483647;
			files = (
			);
			runOnlyForDeploymentPostprocessing = 0;
		};
		79D043492C632B3B0077F8A4 /* Frameworks */ = {
			isa = PBXFrameworksBuildPhase;
			buildActionMask = 2147483647;
			files = (
			);
			runOnlyForDeploymentPostprocessing = 0;
		};
/* End PBXFrameworksBuildPhase section */

/* Begin PBXGroup section */
		79D043232C632B390077F8A4 = {
			isa = PBXGroup;
			children = (
				79D043342C632B390077F8A4 /* MemoTap Watch App */,
				79D043452C632B3B0077F8A4 /* MemoTap Watch AppTests */,
				79D0434F2C632B3B0077F8A4 /* MemoTap Watch AppUITests */,
				79D0432B2C632B390077F8A4 /* Products */,
			);
			sourceTree = "<group>";
		};
		79D0432B2C632B390077F8A4 /* Products */ = {
			isa = PBXGroup;
			children = (
				79D0432A2C632B390077F8A4 /* MemoTap.app */,
				79D043302C632B390077F8A4 /* MemoTap Watch App.app */,
				79D043422C632B3B0077F8A4 /* MemoTap Watch AppTests.xctest */,
				79D0434C2C632B3B0077F8A4 /* MemoTap Watch AppUITests.xctest */,
			);
			name = Products;
			sourceTree = "<group>";
		};
		79D043342C632B390077F8A4 /* MemoTap Watch App */ = {
			isa = PBXGroup;
			children = (
				79D043352C632B390077F8A4 /* MemoTapApp.swift */,
				79D043372C632B390077F8A4 /* ContentView.swift */,
				79D043392C632B3B0077F8A4 /* Assets.xcassets */,
				79D0433B2C632B3B0077F8A4 /* Preview Content */,
			);
			path = "MemoTap Watch App";
			sourceTree = "<group>";
		};
		79D0433B2C632B3B0077F8A4 /* Preview Content */ = {
			isa = PBXGroup;
			children = (
				79D0433C2C632B3B0077F8A4 /* Preview Assets.xcassets */,
			);
			path = "Preview Content";
			sourceTree = "<group>";
		};
		79D043452C632B3B0077F8A4 /* MemoTap Watch AppTests */ = {
			isa = PBXGroup;
			children = (
				79D043462C632B3B0077F8A4 /* MemoTap_Watch_AppTests.swift */,
			);
			path = "MemoTap Watch AppTests";
			sourceTree = "<group>";
		};
		79D0434F2C632B3B0077F8A4 /* MemoTap Watch AppUITests */ = {
			isa = PBXGroup;
			children = (
				79D043502C632B3B0077F8A4 /* MemoTap_Watch_AppUITests.swift */,
				79D043522C632B3B0077F8A4 /* MemoTap_Watch_AppUITestsLaunchTests.swift */,
			);
			path = "MemoTap Watch AppUITests";
			sourceTree = "<group>";
		};
/* End PBXGroup section */

/* Begin PBXNativeTarget section */
		79D043292C632B390077F8A4 /* MemoTap */ = {
			isa = PBXNativeTarget;
			buildConfigurationList = 79D0435A2C632B3B0077F8A4 /* Build configuration list for PBXNativeTarget "MemoTap" */;
			buildPhases = (
				79D043282C632B390077F8A4 /* Resources */,
				79D043592C632B3B0077F8A4 /* Embed Watch Content */,
			);
			buildRules = (
			);
			dependencies = (
				79D043332C632B390077F8A4 /* PBXTargetDependency */,
			);
			name = MemoTap;
			productName = MemoTap;
			productReference = 79D0432A2C632B390077F8A4 /* MemoTap.app */;
			productType = "com.apple.product-type.application.watchapp2-container";
		};
		79D0432F2C632B390077F8A4 /* MemoTap Watch App */ = {
			isa = PBXNativeTarget;
			buildConfigurationList = 79D043562C632B3B0077F8A4 /* Build configuration list for PBXNativeTarget "MemoTap Watch App" */;
			buildPhases = (
				79D0432C2C632B390077F8A4 /* Sources */,
				79D0432D2C632B390077F8A4 /* Frameworks */,
				79D0432E2C632B390077F8A4 /* Resources */,
			);
			buildRules = (
			);
			dependencies = (
			);
			name = "MemoTap Watch App";
			productName = "MemoTap Watch App";
			productReference = 79D043302C632B390077F8A4 /* MemoTap Watch App.app */;
			productType = "com.apple.product-type.application";
		};
		79D043412C632B3B0077F8A4 /* MemoTap Watch AppTests */ = {
			isa = PBXNativeTarget;
			buildConfigurationList = 79D0435D2C632B3B0077F8A4 /* Build configuration list for PBXNativeTarget "MemoTap Watch AppTests" */;
			buildPhases = (
				79D0433E2C632B3B0077F8A4 /* Sources */,
				79D0433F2C632B3B0077F8A4 /* Frameworks */,
				79D043402C632B3B0077F8A4 /* Resources */,
			);
			buildRules = (
			);
			dependencies = (
				79D043442C632B3B0077F8A4 /* PBXTargetDependency */,
			);
			name = "MemoTap Watch AppTests";
			productName = "MemoTap Watch AppTests";
			productReference = 79D043422C632B3B0077F8A4 /* MemoTap Watch AppTests.xctest */;
			productType = "com.apple.product-type.bundle.unit-test";
		};
		79D0434B2C632B3B0077F8A4 /* MemoTap Watch AppUITests */ = {
			isa = PBXNativeTarget;
			buildConfigurationList = 79D043602C632B3B0077F8A4 /* Build configuration list for PBXNativeTarget "MemoTap Watch AppUITests" */;
			buildPhases = (
				79D043482C632B3B0077F8A4 /* Sources */,
				79D043492C632B3B0077F8A4 /* Frameworks */,
				79D0434A2C632B3B0077F8A4 /* Resources */,
			);
			buildRules = (
			);
			dependencies = (
				79D0434E2C632B3B0077F8A4 /* PBXTargetDependency */,
			);
			name = "MemoTap Watch AppUITests";
			productName = "MemoTap Watch AppUITests";
			productReference = 79D0434C2C632B3B0077F8A4 /* MemoTap Watch AppUITests.xctest */;
			productType = "com.apple.product-type.bundle.ui-testing";
		};
/* End PBXNativeTarget section */

/* Begin PBXProject section */
		79D043242C632B390077F8A4 /* Project object */ = {
			isa = PBXProject;
			attributes = {
				BuildIndependentTargetsInParallel = 1;
				LastSwiftUpdateCheck = 1540;
				LastUpgradeCheck = 1540;
				TargetAttributes = {
					79D043292C632B390077F8A4 = {
						CreatedOnToolsVersion = 15.4;
					};
					79D0432F2C632B390077F8A4 = {
						CreatedOnToolsVersion = 15.4;
					};
					79D043412C632B3B0077F8A4 = {
						CreatedOnToolsVersion = 15.4;
						TestTargetID = 79D0432F2C632B390077F8A4;
					};
					79D0434B2C632B3B0077F8A4 = {
						CreatedOnToolsVersion = 15.4;
						TestTargetID = 79D0432F2C632B390077F8A4;
					};
				};
			};
			buildConfigurationList = 79D043272C632B390077F8A4 /* Build configuration list for PBXProject "MemoTap" */;
			compatibilityVersion = "Xcode 14.0";
			developmentRegion = en;
			hasScannedForEncodings = 0;
			knownRegions = (
				en,
				Base,
			);
			mainGroup = 79D043232C632B390077F8A4;
			productRefGroup = 79D0432B2C632B390077F8A4 /* Products */;
			projectDirPath = "";
			projectRoot = "";
			targets = (
				79D043292C632B390077F8A4 /* MemoTap */,
				79D0432F2C632B390077F8A4 /* MemoTap Watch App */,
				79D043412C632B3B0077F8A4 /* MemoTap Watch AppTests */,
				79D0434B2C632B3B0077F8A4 /* MemoTap Watch AppUITests */,
			);
		};
/* End PBXProject section */

/* Begin PBXResourcesBuildPhase section */
		79D043282C632B390077F8A4 /* Resources */ = {
			isa = PBXResourcesBuildPhase;
			buildActionMask = 2147483647;
			files = (
			);
			runOnlyForDeploymentPostprocessing = 0;
		};
		79D0432E2C632B390077F8A4 /* Resources */ = {
			isa = PBXResourcesBuildPhase;
			buildActionMask = 2147483647;
			files = (
				79D0433D2C632B3B0077F8A4 /* Preview Assets.xcassets in Resources */,
				79D0433A2C632B3B0077F8A4 /* Assets.xcassets in Resources */,
			);
			runOnlyForDeploymentPostprocessing = 0;
		};
		79D043402C632B3B0077F8A4 /* Resources */ = {
			isa = PBXResourcesBuildPhase;
			buildActionMask = 2147483647;
			files = (
			);
			runOnlyForDeploymentPostprocessing = 0;
		};
		79D0434A2C632B3B0077F8A4 /* Resources */ = {
			isa = PBXResourcesBuildPhase;
			buildActionMask = 2147483647;
			files = (
			);
			runOnlyForDeploymentPostprocessing = 0;
		};
/* End PBXResourcesBuildPhase section */

/* Begin PBXSourcesBuildPhase section */
		79D0432C2C632B390077F8A4 /* Sources */ = {
			isa = PBXSourcesBuildPhase;
			buildActionMask = 2147483647;
			files = (
				79D043382C632B390077F8A4 /* ContentView.swift in Sources */,
				79D043362C632B390077F8A4 /* MemoTapApp.swift in Sources */,
			);
			runOnlyForDeploymentPostprocessing = 0;
		};
		79D0433E2C632B3B0077F8A4 /* Sources */ = {
			isa = PBXSourcesBuildPhase;
			buildActionMask = 2147483647;
			files = (
				79D043472C632B3B0077F8A4 /* MemoTap_Watch_AppTests.swift in Sources */,
			);
			runOnlyForDeploymentPostprocessing = 0;
		};
		79D043482C632B3B0077F8A4 /* Sources */ = {
			isa = PBXSourcesBuildPhase;
			buildActionMask = 2147483647;
			files = (
				79D043532C632B3B0077F8A4 /* MemoTap_Watch_AppUITestsLaunchTests.swift in Sources */,
				79D043512C632B3B0077F8A4 /* MemoTap_Watch_AppUITests.swift in Sources */,
			);
			runOnlyForDeploymentPostprocessing = 0;
		};
/* End PBXSourcesBuildPhase section */

/* Begin PBXTargetDependency section */
		79D043332C632B390077F8A4 /* PBXTargetDependency */ = {
			isa = PBXTargetDependency;
			target = 79D0432F2C632B390077F8A4 /* MemoTap Watch App */;
			targetProxy = 79D043322C632B390077F8A4 /* PBXContainerItemProxy */;
		};
		79D043442C632B3B0077F8A4 /* PBXTargetDependency */ = {
			isa = PBXTargetDependency;
			target = 79D0432F2C632B390077F8A4 /* MemoTap Watch App */;
			targetProxy = 79D043432C632B3B0077F8A4 /* PBXContainerItemProxy */;
		};
		79D0434E2C632B3B0077F8A4 /* PBXTargetDependency */ = {
			isa = PBXTargetDependency;
			target = 79D0432F2C632B390077F8A4 /* MemoTap Watch App */;
			targetProxy = 79D0434D2C632B3B0077F8A4 /* PBXContainerItemProxy */;
		};
/* End PBXTargetDependency section */

/* Begin XCBuildConfiguration section */
		79D043542C632B3B0077F8A4 /* Debug */ = {
			isa = XCBuildConfiguration;
			buildSettings = {
				ALWAYS_SEARCH_USER_PATHS = NO;
				ASSETCATALOG_COMPILER_GENERATE_SWIFT_ASSET_SYMBOL_EXTENSIONS = YES;
				CLANG_ANALYZER_NONNULL = YES;
				CLANG_ANALYZER_NUMBER_OBJECT_CONVERSION = YES_AGGRESSIVE;
				CLANG_CXX_LANGUAGE_STANDARD = "gnu++20";
				CLANG_ENABLE_MODULES = YES;
				CLANG_ENABLE_OBJC_ARC = YES;
				CLANG_ENABLE_OBJC_WEAK = YES;
				CLANG_WARN_BLOCK_CAPTURE_AUTORELEASING = YES;
				CLANG_WARN_BOOL_CONVERSION = YES;
				CLANG_WARN_COMMA = YES;
				CLANG_WARN_CONSTANT_CONVERSION = YES;
				CLANG_WARN_DEPRECATED_OBJC_IMPLEMENTATIONS = YES;
				CLANG_WARN_DIRECT_OBJC_ISA_USAGE = YES_ERROR;
				CLANG_WARN_DOCUMENTATION_COMMENTS = YES;
				CLANG_WARN_EMPTY_BODY = YES;
				CLANG_WARN_ENUM_CONVERSION = YES;
				CLANG_WARN_INFINITE_RECURSION = YES;
				CLANG_WARN_INT_CONVERSION = YES;
				CLANG_WARN_NON_LITERAL_NULL_CONVERSION = YES;
				CLANG_WARN_OBJC_IMPLICIT_RETAIN_SELF = YES;
				CLANG_WARN_OBJC_LITERAL_CONVERSION = YES;
				CLANG_WARN_OBJC_ROOT_CLASS = YES_ERROR;
				CLANG_WARN_QUOTED_INCLUDE_IN_FRAMEWORK_HEADER = YES;
				CLANG_WARN_RANGE_LOOP_ANALYSIS = YES;
				CLANG_WARN_STRICT_PROTOTYPES = YES;
				CLANG_WARN_SUSPICIOUS_MOVE = YES;
				CLANG_WARN_UNGUARDED_AVAILABILITY = YES_AGGRESSIVE;
				CLANG_WARN_UNREACHABLE_CODE = YES;
				CLANG_WARN__DUPLICATE_METHOD_MATCH = YES;
				COPY_PHASE_STRIP = NO;
				DEBUG_INFORMATION_FORMAT = dwarf;
				ENABLE_STRICT_OBJC_MSGSEND = YES;
				ENABLE_TESTABILITY = YES;
				ENABLE_USER_SCRIPT_SANDBOXING = YES;
				GCC_C_LANGUAGE_STANDARD = gnu17;
				GCC_DYNAMIC_NO_PIC = NO;
				GCC_NO_COMMON_BLOCKS = YES;
				GCC_OPTIMIZATION_LEVEL = 0;
				GCC_PREPROCESSOR_DEFINITIONS = (
					"DEBUG=1",
					"$(inherited)",
				);
				GCC_WARN_64_TO_32_BIT_CONVERSION = YES;
				GCC_WARN_ABOUT_RETURN_TYPE = YES_ERROR;
				GCC_WARN_UNDECLARED_SELECTOR = YES;
				GCC_WARN_UNINITIALIZED_AUTOS = YES_AGGRESSIVE;
				GCC_WARN_UNUSED_FUNCTION = YES;
				GCC_WARN_UNUSED_VARIABLE = YES;
				LOCALIZATION_PREFERS_STRING_CATALOGS = YES;
				MTL_ENABLE_DEBUG_INFO = INCLUDE_SOURCE;
				MTL_FAST_MATH = YES;
				ONLY_ACTIVE_ARCH = YES;
				SWIFT_ACTIVE_COMPILATION_CONDITIONS = "DEBUG $(inherited)";
				SWIFT_OPTIMIZATION_LEVEL = "-Onone";
			};
			name = Debug;
		};
		79D043552C632B3B0077F8A4 /* Release */ = {
			isa = XCBuildConfiguration;
			buildSettings = {
				ALWAYS_SEARCH_USER_PATHS = NO;
				ASSETCATALOG_COMPILER_GENERATE_SWIFT_ASSET_SYMBOL_EXTENSIONS = YES;
				CLANG_ANALYZER_NONNULL = YES;
				CLANG_ANALYZER_NUMBER_OBJECT_CONVERSION = YES_AGGRESSIVE;
				CLANG_CXX_LANGUAGE_STANDARD = "gnu++20";
				CLANG_ENABLE_MODULES = YES;
				CLANG_ENABLE_OBJC_ARC = YES;
				CLANG_ENABLE_OBJC_WEAK = YES;
				CLANG_WARN_BLOCK_CAPTURE_AUTORELEASING = YES;
				CLANG_WARN_BOOL_CONVERSION = YES;
				CLANG_WARN_COMMA = YES;
				CLANG_WARN_CONSTANT_CONVERSION = YES;
				CLANG_WARN_DEPRECATED_OBJC_IMPLEMENTATIONS = YES;
				CLANG_WARN_DIRECT_OBJC_ISA_USAGE = YES_ERROR;
				CLANG_WARN_DOCUMENTATION_COMMENTS = YES;
				CLANG_WARN_EMPTY_BODY = YES;
				CLANG_WARN_ENUM_CONVERSION = YES;
				CLANG_WARN_INFINITE_RECURSION = YES;
				CLANG_WARN_INT_CONVERSION = YES;
				CLANG_WARN_NON_LITERAL_NULL_CONVERSION = YES;
				CLANG_WARN_OBJC_IMPLICIT_RETAIN_SELF = YES;
				CLANG_WARN_OBJC_LITERAL_CONVERSION = YES;
				CLANG_WARN_OBJC_ROOT_CLASS = YES_ERROR;
				CLANG_WARN_QUOTED_INCLUDE_IN_FRAMEWORK_HEADER = YES;
				CLANG_WARN_RANGE_LOOP_ANALYSIS = YES;
				CLANG_WARN_STRICT_PROTOTYPES = YES;
				CLANG_WARN_SUSPICIOUS_MOVE = YES;
				CLANG_WARN_UNGUARDED_AVAILABILITY = YES_AGGRESSIVE;
				CLANG_WARN_UNREACHABLE_CODE = YES;
				CLANG_WARN__DUPLICATE_METHOD_MATCH = YES;
				COPY_PHASE_STRIP = NO;
				DEBUG_INFORMATION_FORMAT = "dwarf-with-dsym";
				ENABLE_NS_ASSERTIONS = NO;
				ENABLE_STRICT_OBJC_MSGSEND = YES;
				ENABLE_USER_SCRIPT_SANDBOXING = YES;
				GCC_C_LANGUAGE_STANDARD = gnu17;
				GCC_NO_COMMON_BLOCKS = YES;
				GCC_WARN_64_TO_32_BIT_CONVERSION = YES;
				GCC_WARN_ABOUT_RETURN_TYPE = YES_ERROR;
				GCC_WARN_UNDECLARED_SELECTOR = YES;
				GCC_WARN_UNINITIALIZED_AUTOS = YES_AGGRESSIVE;
				GCC_WARN_UNUSED_FUNCTION = YES;
				GCC_WARN_UNUSED_VARIABLE = YES;
				LOCALIZATION_PREFERS_STRING_CATALOGS = YES;
				MTL_ENABLE_DEBUG_INFO = NO;
				MTL_FAST_MATH = YES;
				SWIFT_COMPILATION_MODE = wholemodule;
			};
			name = Release;
		};
		79D043572C632B3B0077F8A4 /* Debug */ = {
			isa = XCBuildConfiguration;
			buildSettings = {
				ASSETCATALOG_COMPILER_APPICON_NAME = AppIcon;
				ASSETCATALOG_COMPILER_GLOBAL_ACCENT_COLOR_NAME = AccentColor;
				CODE_SIGN_STYLE = Automatic;
				CURRENT_PROJECT_VERSION = 1;
				DEVELOPMENT_ASSET_PATHS = "\"MemoTap Watch App/Preview Content\"";
				DEVELOPMENT_TEAM = JCJZFAGZ3U;
				ENABLE_PREVIEWS = YES;
				GENERATE_INFOPLIST_FILE = YES;
				INFOPLIST_KEY_CFBundleDisplayName = MemoTap;
				INFOPLIST_KEY_UISupportedInterfaceOrientations = "UIInterfaceOrientationPortrait UIInterfaceOrientationPortraitUpsideDown";
				INFOPLIST_KEY_WKWatchOnly = YES;
				LD_RUNPATH_SEARCH_PATHS = (
					"$(inherited)",
					"@executable_path/Frameworks",
				);
				MARKETING_VERSION = 1.0;
				PRODUCT_BUNDLE_IDENTIFIER = memotapcorp.MemoTap.watchkitapp;
				PRODUCT_NAME = "$(TARGET_NAME)";
				SDKROOT = watchos;
				SKIP_INSTALL = YES;
				SWIFT_EMIT_LOC_STRINGS = YES;
				SWIFT_VERSION = 5.0;
				TARGETED_DEVICE_FAMILY = 4;
				WATCHOS_DEPLOYMENT_TARGET = 10.5;
			};
			name = Debug;
		};
		79D043582C632B3B0077F8A4 /* Release */ = {
			isa = XCBuildConfiguration;
			buildSettings = {
				ASSETCATALOG_COMPILER_APPICON_NAME = AppIcon;
				ASSETCATALOG_COMPILER_GLOBAL_ACCENT_COLOR_NAME = AccentColor;
				CODE_SIGN_STYLE = Automatic;
				CURRENT_PROJECT_VERSION = 1;
				DEVELOPMENT_ASSET_PATHS = "\"MemoTap Watch App/Preview Content\"";
				DEVELOPMENT_TEAM = JCJZFAGZ3U;
				ENABLE_PREVIEWS = YES;
				GENERATE_INFOPLIST_FILE = YES;
				INFOPLIST_KEY_CFBundleDisplayName = MemoTap;
				INFOPLIST_KEY_UISupportedInterfaceOrientations = "UIInterfaceOrientationPortrait UIInterfaceOrientationPortraitUpsideDown";
				INFOPLIST_KEY_WKWatchOnly = YES;
				LD_RUNPATH_SEARCH_PATHS = (
					"$(inherited)",
					"@executable_path/Frameworks",
				);
				MARKETING_VERSION = 1.0;
				PRODUCT_BUNDLE_IDENTIFIER = memotapcorp.MemoTap.watchkitapp;
				PRODUCT_NAME = "$(TARGET_NAME)";
				SDKROOT = watchos;
				SKIP_INSTALL = YES;
				SWIFT_EMIT_LOC_STRINGS = YES;
				SWIFT_VERSION = 5.0;
				TARGETED_DEVICE_FAMILY = 4;
				VALIDATE_PRODUCT = YES;
				WATCHOS_DEPLOYMENT_TARGET = 10.5;
			};
			name = Release;
		};
		79D0435B2C632B3B0077F8A4 /* Debug */ = {
			isa = XCBuildConfiguration;
			buildSettings = {
				ALWAYS_EMBED_SWIFT_STANDARD_LIBRARIES = YES;
				CODE_SIGN_STYLE = Automatic;
				CURRENT_PROJECT_VERSION = 1;
				DEVELOPMENT_TEAM = JCJZFAGZ3U;
				INFOPLIST_KEY_CFBundleDisplayName = MemoTap;
				MARKETING_VERSION = 1.0;
				PRODUCT_BUNDLE_IDENTIFIER = memotapcorp.MemoTap;
				PRODUCT_NAME = "$(TARGET_NAME)";
				SDKROOT = iphoneos;
				SWIFT_VERSION = 5.0;
			};
			name = Debug;
		};
		79D0435C2C632B3B0077F8A4 /* Release */ = {
			isa = XCBuildConfiguration;
			buildSettings = {
				ALWAYS_EMBED_SWIFT_STANDARD_LIBRARIES = YES;
				CODE_SIGN_STYLE = Automatic;
				CURRENT_PROJECT_VERSION = 1;
				DEVELOPMENT_TEAM = JCJZFAGZ3U;
				INFOPLIST_KEY_CFBundleDisplayName = MemoTap;
				MARKETING_VERSION = 1.0;
				PRODUCT_BUNDLE_IDENTIFIER = memotapcorp.MemoTap;
				PRODUCT_NAME = "$(TARGET_NAME)";
				SDKROOT = iphoneos;
				SWIFT_VERSION = 5.0;
				VALIDATE_PRODUCT = YES;
			};
			name = Release;
		};
		79D0435E2C632B3B0077F8A4 /* Debug */ = {
			isa = XCBuildConfiguration;
			buildSettings = {
				ALWAYS_EMBED_SWIFT_STANDARD_LIBRARIES = YES;
				BUNDLE_LOADER = "$(TEST_HOST)";
				CODE_SIGN_STYLE = Automatic;
				CURRENT_PROJECT_VERSION = 1;
				DEVELOPMENT_TEAM = JCJZFAGZ3U;
				GENERATE_INFOPLIST_FILE = YES;
				MARKETING_VERSION = 1.0;
				PRODUCT_BUNDLE_IDENTIFIER = "memotapcorp.MemoTap-Watch-AppTests";
				PRODUCT_NAME = "$(TARGET_NAME)";
				SDKROOT = watchos;
				SWIFT_EMIT_LOC_STRINGS = NO;
				SWIFT_VERSION = 5.0;
				TARGETED_DEVICE_FAMILY = 4;
				TEST_HOST = "$(BUILT_PRODUCTS_DIR)/MemoTap Watch App.app/$(BUNDLE_EXECUTABLE_FOLDER_PATH)/MemoTap Watch App";
				WATCHOS_DEPLOYMENT_TARGET = 10.5;
			};
			name = Debug;
		};
		79D0435F2C632B3B0077F8A4 /* Release */ = {
			isa = XCBuildConfiguration;
			buildSettings = {
				ALWAYS_EMBED_SWIFT_STANDARD_LIBRARIES = YES;
				BUNDLE_LOADER = "$(TEST_HOST)";
				CODE_SIGN_STYLE = Automatic;
				CURRENT_PROJECT_VERSION = 1;
				DEVELOPMENT_TEAM = JCJZFAGZ3U;
				GENERATE_INFOPLIST_FILE = YES;
				MARKETING_VERSION = 1.0;
				PRODUCT_BUNDLE_IDENTIFIER = "memotapcorp.MemoTap-Watch-AppTests";
				PRODUCT_NAME = "$(TARGET_NAME)";
				SDKROOT = watchos;
				SWIFT_EMIT_LOC_STRINGS = NO;
				SWIFT_VERSION = 5.0;
				TARGETED_DEVICE_FAMILY = 4;
				TEST_HOST = "$(BUILT_PRODUCTS_DIR)/MemoTap Watch App.app/$(BUNDLE_EXECUTABLE_FOLDER_PATH)/MemoTap Watch App";
				VALIDATE_PRODUCT = YES;
				WATCHOS_DEPLOYMENT_TARGET = 10.5;
			};
			name = Release;
		};
		79D043612C632B3B0077F8A4 /* Debug */ = {
			isa = XCBuildConfiguration;
			buildSettings = {
				ALWAYS_EMBED_SWIFT_STANDARD_LIBRARIES = YES;
				CODE_SIGN_STYLE = Automatic;
				CURRENT_PROJECT_VERSION = 1;
				DEVELOPMENT_TEAM = JCJZFAGZ3U;
				GENERATE_INFOPLIST_FILE = YES;
				MARKETING_VERSION = 1.0;
				PRODUCT_BUNDLE_IDENTIFIER = "memotapcorp.MemoTap-Watch-AppUITests";
				PRODUCT_NAME = "$(TARGET_NAME)";
				SDKROOT = watchos;
				SWIFT_EMIT_LOC_STRINGS = NO;
				SWIFT_VERSION = 5.0;
				TARGETED_DEVICE_FAMILY = 4;
				TEST_TARGET_NAME = "MemoTap Watch App";
				WATCHOS_DEPLOYMENT_TARGET = 10.5;
			};
			name = Debug;
		};
		79D043622C632B3B0077F8A4 /* Release */ = {
			isa = XCBuildConfiguration;
			buildSettings = {
				ALWAYS_EMBED_SWIFT_STANDARD_LIBRARIES = YES;
				CODE_SIGN_STYLE = Automatic;
				CURRENT_PROJECT_VERSION = 1;
				DEVELOPMENT_TEAM = JCJZFAGZ3U;
				GENERATE_INFOPLIST_FILE = YES;
				MARKETING_VERSION = 1.0;
				PRODUCT_BUNDLE_IDENTIFIER = "memotapcorp.MemoTap-Watch-AppUITests";
				PRODUCT_NAME = "$(TARGET_NAME)";
				SDKROOT = watchos;
				SWIFT_EMIT_LOC_STRINGS = NO;
				SWIFT_VERSION = 5.0;
				TARGETED_DEVICE_FAMILY = 4;
				TEST_TARGET_NAME = "MemoTap Watch App";
				VALIDATE_PRODUCT = YES;
				WATCHOS_DEPLOYMENT_TARGET = 10.5;
			};
			name = Release;
		};
/* End XCBuildConfiguration section */

/* Begin XCConfigurationList section */
		79D043272C632B390077F8A4 /* Build configuration list for PBXProject "MemoTap" */ = {
			isa = XCConfigurationList;
			buildConfigurations = (
				79D043542C632B3B0077F8A4 /* Debug */,
				79D043552C632B3B0077F8A4 /* Release */,
			);
			defaultConfigurationIsVisible = 0;
			defaultConfigurationName = Release;
		};
		79D043562C632B3B0077F8A4 /* Build configuration list for PBXNativeTarget "MemoTap Watch App" */ = {
			isa = XCConfigurationList;
			buildConfigurations = (
				79D043572C632B3B0077F8A4 /* Debug */,
				79D043582C632B3B0077F8A4 /* Release */,
			);
			defaultConfigurationIsVisible = 0;
			defaultConfigurationName = Release;
		};
		79D0435A2C632B3B0077F8A4 /* Build configuration list for PBXNativeTarget "MemoTap" */ = {
			isa = XCConfigurationList;
			buildConfigurations = (
				79D0435B2C632B3B0077F8A4 /* Debug */,
				79D0435C2C632B3B0077F8A4 /* Release */,
			);
			defaultConfigurationIsVisible = 0;
			defaultConfigurationName = Release;
		};
		79D0435D2C632B3B0077F8A4 /* Build configuration list for PBXNativeTarget "MemoTap Watch AppTests" */ = {
			isa = XCConfigurationList;
			buildConfigurations = (
				79D0435E2C632B3B0077F8A4 /* Debug */,
				79D0435F2C632B3B0077F8A4 /* Release */,
			);
			defaultConfigurationIsVisible = 0;
			defaultConfigurationName = Release;
		};
		79D043602C632B3B0077F8A4 /* Build configuration list for PBXNativeTarget "MemoTap Watch AppUITests" */ = {
			isa = XCConfigurationList;
			buildConfigurations = (
				79D043612C632B3B0077F8A4 /* Debug */,
				79D043622C632B3B0077F8A4 /* Release */,
			);
			defaultConfigurationIsVisible = 0;
			defaultConfigurationName = Release;
		};
/* End XCConfigurationList section */
	};
	rootObject = 79D043242C632B390077F8A4 /* Project object */;
}
